
Microsoft Visual Studio Solution File, Format Version 12.00
# Visual Studio Version 17
VisualStudioVersion = 17.0.31903.59
MinimumVisualStudioVersion = 10.0.40219.1
Project("{2150E333-8FDC-42A3-9474-1A3956D46DE8}") = "Solution Items", "Solution Items", "{93D68902-B0F6-451A-91FB-0B244DDF5E2A}"
	ProjectSection(SolutionItems) = preProject
		..\Evently-Modular-Monolith\.editorconfig = ..\Evently-Modular-Monolith\.editorconfig
		..\Evently-Modular-Monolith\.gitignore = ..\Evently-Modular-Monolith\.gitignore
		..\Evently-Modular-Monolith\Directory.Build.props = ..\Evently-Modular-Monolith\Directory.Build.props
	EndProjectSection
EndProject
Project("{2150E333-8FDC-42A3-9474-1A3956D46DE8}") = "src", "src", "{C60E2325-72A8-4BC6-A02B-2A9B60CF6BB7}"
EndProject
Project("{2150E333-8FDC-42A3-9474-1A3956D46DE8}") = "API", "API", "{99E75EC1-2081-4195-9684-479470C2C1CC}"
EndProject
Project("{2150E333-8FDC-42A3-9474-1A3956D46DE8}") = "Modules", "Modules", "{8F398138-4B7E-47DB-924A-94F26AFAC650}"
EndProject
Project("{FAE04EC0-301F-11D3-BF4B-00C04F79EFBC}") = "MiniProject.Api", "src\API\MiniProject.Api\MiniProject.Api\MiniProject.Api.csproj", "{3CC85F5A-C624-47AD-AEF9-06D2EFFF26F5}"
EndProject
Project("{FAE04EC0-301F-11D3-BF4B-00C04F79EFBC}") = "MiniProject.Modules.Events.Domain", "MiniProject.Modules.Events.Domain\MiniProject.Modules.Events.Domain.csproj", "{76489E8A-FB77-420A-9F11-D75BD0834AB4}"
EndProject
Project("{FAE04EC0-301F-11D3-BF4B-00C04F79EFBC}") = "MiniProject.Modules.Events.Application", "MiniProject.Modules.Events.Application\MiniProject.Modules.Events.Application.csproj", "{B38B374B-7423-455B-9FD9-707B6C99673D}"
EndProject
Project("{FAE04EC0-301F-11D3-BF4B-00C04F79EFBC}") = "MiniProject.Modules.Events.Infrastructure", "MiniProject.Modules.Events.Infrastructure\MiniProject.Modules.Events.Infrastructure.csproj", "{5CAD6DC0-18CB-4907-9480-A856697DEB6D}"
EndProject
Project("{FAE04EC0-301F-11D3-BF4B-00C04F79EFBC}") = "MiniProject.Modules.Events.Presentation", "MiniProject.Modules.Events.Presentation\MiniProject.Modules.Events.Presentation.csproj", "{713E8E81-0B09-484B-B514-8ECFECBADD5E}"
EndProject
Global
	GlobalSection(SolutionConfigurationPlatforms) = preSolution
		Debug|Any CPU = Debug|Any CPU
		Release|Any CPU = Release|Any CPU
	EndGlobalSection
	GlobalSection(ProjectConfigurationPlatforms) = postSolution
		{3CC85F5A-C624-47AD-AEF9-06D2EFFF26F5}.Debug|Any CPU.ActiveCfg = Debug|Any CPU
		{3CC85F5A-C624-47AD-AEF9-06D2EFFF26F5}.Debug|Any CPU.Build.0 = Debug|Any CPU
		{3CC85F5A-C624-47AD-AEF9-06D2EFFF26F5}.Release|Any CPU.ActiveCfg = Release|Any CPU
		{3CC85F5A-C624-47AD-AEF9-06D2EFFF26F5}.Release|Any CPU.Build.0 = Release|Any CPU
		{76489E8A-FB77-420A-9F11-D75BD0834AB4}.Debug|Any CPU.ActiveCfg = Debug|Any CPU
		{76489E8A-FB77-420A-9F11-D75BD0834AB4}.Debug|Any CPU.Build.0 = Debug|Any CPU
		{76489E8A-FB77-420A-9F11-D75BD0834AB4}.Release|Any CPU.ActiveCfg = Release|Any CPU
		{76489E8A-FB77-420A-9F11-D75BD0834AB4}.Release|Any CPU.Build.0 = Release|Any CPU
		{B38B374B-7423-455B-9FD9-707B6C99673D}.Debug|Any CPU.ActiveCfg = Debug|Any CPU
		{B38B374B-7423-455B-9FD9-707B6C99673D}.Debug|Any CPU.Build.0 = Debug|Any CPU
		{B38B374B-7423-455B-9FD9-707B6C99673D}.Release|Any CPU.ActiveCfg = Release|Any CPU
		{B38B374B-7423-455B-9FD9-707B6C99673D}.Release|Any CPU.Build.0 = Release|Any CPU
		{5CAD6DC0-18CB-4907-9480-A856697DEB6D}.Debug|Any CPU.ActiveCfg = Debug|Any CPU
		{5CAD6DC0-18CB-4907-9480-A856697DEB6D}.Debug|Any CPU.Build.0 = Debug|Any CPU
		{5CAD6DC0-18CB-4907-9480-A856697DEB6D}.Release|Any CPU.ActiveCfg = Release|Any CPU
		{5CAD6DC0-18CB-4907-9480-A856697DEB6D}.Release|Any CPU.Build.0 = Release|Any CPU
		{713E8E81-0B09-484B-B514-8ECFECBADD5E}.Debug|Any CPU.ActiveCfg = Debug|Any CPU
		{713E8E81-0B09-484B-B514-8ECFECBADD5E}.Debug|Any CPU.Build.0 = Debug|Any CPU
		{713E8E81-0B09-484B-B514-8ECFECBADD5E}.Release|Any CPU.ActiveCfg = Release|Any CPU
		{713E8E81-0B09-484B-B514-8ECFECBADD5E}.Release|Any CPU.Build.0 = Release|Any CPU
	EndGlobalSection
	GlobalSection(SolutionProperties) = preSolution
		HideSolutionNode = FALSE
	EndGlobalSection
	GlobalSection(NestedProjects) = preSolution
		{99E75EC1-2081-4195-9684-479470C2C1CC} = {C60E2325-72A8-4BC6-A02B-2A9B60CF6BB7}
		{8F398138-4B7E-47DB-924A-94F26AFAC650} = {C60E2325-72A8-4BC6-A02B-2A9B60CF6BB7}
		{3CC85F5A-C624-47AD-AEF9-06D2EFFF26F5} = {99E75EC1-2081-4195-9684-479470C2C1CC}
		{76489E8A-FB77-420A-9F11-D75BD0834AB4} = {8F398138-4B7E-47DB-924A-94F26AFAC650}
		{B38B374B-7423-455B-9FD9-707B6C99673D} = {8F398138-4B7E-47DB-924A-94F26AFAC650}
		{5CAD6DC0-18CB-4907-9480-A856697DEB6D} = {8F398138-4B7E-47DB-924A-94F26AFAC650}
		{713E8E81-0B09-484B-B514-8ECFECBADD5E} = {8F398138-4B7E-47DB-924A-94F26AFAC650}
	EndGlobalSection
EndGlobal
