
Microsoft Visual Studio Solution File, Format Version 12.00
# Visual Studio Version 17
VisualStudioVersion = 17.0.31903.59
MinimumVisualStudioVersion = 10.0.40219.1
Project("{2150E333-8FDC-42A3-9474-1A3956D46DE8}") = "Solution Items", "Solution Items", "{93D68902-B0F6-451A-91FB-0B244DDF5E2A}"
	ProjectSection(SolutionItems) = preProject
		..\Evently-Modular-Monolith\.editorconfig = ..\Evently-Modular-Monolith\.editorconfig
		..\Evently-Modular-Monolith\.gitignore = ..\Evently-Modular-Monolith\.gitignore
		..\Evently-Modular-Monolith\Directory.Build.props = ..\Evently-Modular-Monolith\Directory.Build.props
	EndProjectSection
EndProject
Project("{2150E333-8FDC-42A3-9474-1A3956D46DE8}") = "src", "src", "{C60E2325-72A8-4BC6-A02B-2A9B60CF6BB7}"
EndProject
Project("{2150E333-8FDC-42A3-9474-1A3956D46DE8}") = "API", "API", "{99E75EC1-2081-4195-9684-479470C2C1CC}"
EndProject
Project("{2150E333-8FDC-42A3-9474-1A3956D46DE8}") = "Modules", "Modules", "{8F398138-4B7E-47DB-924A-94F26AFAC650}"
EndProject
Project("{FAE04EC0-301F-11D3-BF4B-00C04F79EFBC}") = "MiniProject.Api", "src\API\MiniProject.Api\MiniProject.Api\MiniProject.Api.csproj", "{3CC85F5A-C624-47AD-AEF9-06D2EFFF26F5}"
EndProject
Project("{2150E333-8FDC-42A3-9474-1A3956D46DE8}") = "Events", "Events", "{52E13E59-B51D-4ABC-81A1-196DB49E4C5C}"
EndProject
Project("{FAE04EC0-301F-11D3-BF4B-00C04F79EFBC}") = "MiniProject.Modules.Events.Domain", "src\Modules\Events\MiniProject.Modules.Events.Domain\MiniProject.Modules.Events.Domain.csproj", "{C584A890-E715-45FB-981E-EF1BB9953592}"
EndProject
Project("{FAE04EC0-301F-11D3-BF4B-00C04F79EFBC}") = "MiniProject.Modules.Events.Infrastructure", "src\Modules\Events\MiniProject.Modules.Events.Infrastructure\MiniProject.Modules.Events.Infrastructure.csproj", "{54DD7C73-5F1A-4504-BC2A-BCAF811B15DE}"
EndProject
Project("{FAE04EC0-301F-11D3-BF4B-00C04F79EFBC}") = "MiniProject.Modules.Events.Application", "src\Modules\Events\MiniProject.Modules.Events.Application\MiniProject.Modules.Events.Application.csproj", "{229CC16F-5FD8-46F6-A14A-7983E48430FF}"
EndProject
Project("{FAE04EC0-301F-11D3-BF4B-00C04F79EFBC}") = "MiniProject.Modules.Events.Presentation", "src\Modules\Events\MiniProject.Modules.Events.Presentation\MiniProject.Modules.Events.Presentation.csproj", "{C5D94718-86E2-455B-9E5C-E59153DC71A0}"
EndProject
Project("{E53339B2-1760-4266-BCC7-CA923CBCF16C}") = "docker-compose", "docker-compose.dcproj", "{81DDED9D-158B-E303-5F62-77A2896D2A5A}"
EndProject
Project("{2150E333-8FDC-42A3-9474-1A3956D46DE8}") = "Users", "Users", "{02EA681E-C7D8-13C7-8484-4AC65E1B71E8}"
EndProject
Project("{FAE04EC0-301F-11D3-BF4B-00C04F79EFBC}") = "MiniProject.Modules.Users.Application", "src\Modules\Users\MiniProject.Modules.Users.Application\MiniProject.Modules.Users.Application.csproj", "{BB527191-D4C8-EAA5-AA8E-1D57B42738F1}"
EndProject
Project("{FAE04EC0-301F-11D3-BF4B-00C04F79EFBC}") = "MiniProject.Modules.Users.Domain", "src\Modules\Users\MiniProject.Modules.Users.Domain\MiniProject.Modules.Users.Domain.csproj", "{7406B334-3E8E-BB0C-FD3C-D186BBFE6BA6}"
EndProject
Project("{FAE04EC0-301F-11D3-BF4B-00C04F79EFBC}") = "MiniProject.Modules.Users.Infrastructure", "src\Modules\Users\MiniProject.Modules.Users.Infrastructure\MiniProject.Modules.Users.Infrastructure.csproj", "{759655A0-2329-2D08-92B8-1DFF40859EB9}"
EndProject
Project("{FAE04EC0-301F-11D3-BF4B-00C04F79EFBC}") = "MiniProject.Modules.Users.Presentation", "src\Modules\Users\MiniProject.Modules.Users.Presentation\MiniProject.Modules.Users.Presentation.csproj", "{1026BC3D-38AC-82B9-7AB8-75999DDA0BA0}"
EndProject
Project("{FAE04EC0-301F-11D3-BF4B-00C04F79EFBC}") = "MiniProject.Modules.Users.PublicAPI", "src\Modules\Users\MiniProject.Modules.Users.PublicAPI\MiniProject.Modules.Users.PublicAPI.csproj", "{5CA48EB1-AF18-4FAB-8327-BADE60D8133C}"
EndProject
Project("{2150E333-8FDC-42A3-9474-1A3956D46DE8}") = "Attendance", "Attendance", "{3487B37A-057E-49AD-8A5B-F4C70DF49361}"
EndProject
Project("{FAE04EC0-301F-11D3-BF4B-00C04F79EFBC}") = "MiniProject.Modules.Attendances.Infrastructure", "src\Modules\Attendance\MiniProject.Modules.Attendances.Infrastructure\MiniProject.Modules.Attendances.Infrastructure.csproj", "{DE226CFE-A5C1-499D-B795-5FA3221886CD}"
EndProject
Project("{FAE04EC0-301F-11D3-BF4B-00C04F79EFBC}") = "MiniProject.Modules.Attendances.Presentation", "src\Modules\Attendance\MiniProject.Modules.Attendances.Presentation\MiniProject.Modules.Attendances.Presentation.csproj", "{8E3BD3EC-11CA-4F6D-B7D7-A5B39D0BEE72}"
EndProject
Project("{FAE04EC0-301F-11D3-BF4B-00C04F79EFBC}") = "MiniProject.Modules.Users.IntegrationEvents", "src\Modules\Users\MiniProject.Modules.Users.IntegrationEvents\MiniProject.Modules.Users.IntegrationEvents.csproj", "{B262F1DC-A576-4F34-B12B-21F96C0ACC80}"
EndProject
Project("{2150E333-8FDC-42A3-9474-1A3956D46DE8}") = "Ticketing", "Ticketing", "{686F797D-D825-456F-B15A-D9E6AA8DE04E}"
EndProject
Project("{FAE04EC0-301F-11D3-BF4B-00C04F79EFBC}") = "MiniProject.Modules.Ticketing.Application", "src\Modules\Ticketing\MiniProject.Modules.Ticketing.Application\MiniProject.Modules.Ticketing.Application.csproj", "{5EC86A69-E15E-42BA-AB53-018C1C0EDB3C}"
EndProject
Project("{FAE04EC0-301F-11D3-BF4B-00C04F79EFBC}") = "MiniProject.Modules.Ticketing.Domain", "src\Modules\Ticketing\MiniProject.Modules.Ticketing.Domain\MiniProject.Modules.Ticketing.Domain.csproj", "{71FE282E-1B31-4135-BD1A-7F538EE9A77B}"
EndProject
Project("{FAE04EC0-301F-11D3-BF4B-00C04F79EFBC}") = "MiniProject.Modules.Ticketing.Infrastructure", "src\Modules\Ticketing\MiniProject.Modules.Ticketing.Infrastructure\MiniProject.Modules.Ticketing.Infrastructure.csproj", "{55730459-AF68-4BCC-9B0E-3C790D81CE55}"
EndProject
Project("{FAE04EC0-301F-11D3-BF4B-00C04F79EFBC}") = "MiniProject.Modules.Ticketing.Presentation", "src\Modules\Ticketing\MiniProject.Modules.Ticketing.Presentation\MiniProject.Modules.Ticketing.Presentation.csproj", "{BA727059-6CEC-463F-8255-E7CCB09B67BA}"
EndProject
Project("{2150E333-8FDC-42A3-9474-1A3956D46DE8}") = "Common", "Common", "{D8B712EE-2002-46EA-A2E7-42F1319E7F8E}"
EndProject
Global
	GlobalSection(SolutionConfigurationPlatforms) = preSolution
		Debug|Any CPU = Debug|Any CPU
		Release|Any CPU = Release|Any CPU
	EndGlobalSection
	GlobalSection(ProjectConfigurationPlatforms) = postSolution
		{3CC85F5A-C624-47AD-AEF9-06D2EFFF26F5}.Debug|Any CPU.ActiveCfg = Debug|Any CPU
		{3CC85F5A-C624-47AD-AEF9-06D2EFFF26F5}.Debug|Any CPU.Build.0 = Debug|Any CPU
		{3CC85F5A-C624-47AD-AEF9-06D2EFFF26F5}.Release|Any CPU.ActiveCfg = Release|Any CPU
		{3CC85F5A-C624-47AD-AEF9-06D2EFFF26F5}.Release|Any CPU.Build.0 = Release|Any CPU
		{C584A890-E715-45FB-981E-EF1BB9953592}.Debug|Any CPU.ActiveCfg = Debug|Any CPU
		{C584A890-E715-45FB-981E-EF1BB9953592}.Debug|Any CPU.Build.0 = Debug|Any CPU
		{C584A890-E715-45FB-981E-EF1BB9953592}.Release|Any CPU.ActiveCfg = Release|Any CPU
		{C584A890-E715-45FB-981E-EF1BB9953592}.Release|Any CPU.Build.0 = Release|Any CPU
		{54DD7C73-5F1A-4504-BC2A-BCAF811B15DE}.Debug|Any CPU.ActiveCfg = Debug|Any CPU
		{54DD7C73-5F1A-4504-BC2A-BCAF811B15DE}.Debug|Any CPU.Build.0 = Debug|Any CPU
		{54DD7C73-5F1A-4504-BC2A-BCAF811B15DE}.Release|Any CPU.ActiveCfg = Release|Any CPU
		{54DD7C73-5F1A-4504-BC2A-BCAF811B15DE}.Release|Any CPU.Build.0 = Release|Any CPU
		{229CC16F-5FD8-46F6-A14A-7983E48430FF}.Debug|Any CPU.ActiveCfg = Debug|Any CPU
		{229CC16F-5FD8-46F6-A14A-7983E48430FF}.Debug|Any CPU.Build.0 = Debug|Any CPU
		{229CC16F-5FD8-46F6-A14A-7983E48430FF}.Release|Any CPU.ActiveCfg = Release|Any CPU
		{229CC16F-5FD8-46F6-A14A-7983E48430FF}.Release|Any CPU.Build.0 = Release|Any CPU
		{C5D94718-86E2-455B-9E5C-E59153DC71A0}.Debug|Any CPU.ActiveCfg = Debug|Any CPU
		{C5D94718-86E2-455B-9E5C-E59153DC71A0}.Debug|Any CPU.Build.0 = Debug|Any CPU
		{C5D94718-86E2-455B-9E5C-E59153DC71A0}.Release|Any CPU.ActiveCfg = Release|Any CPU
		{C5D94718-86E2-455B-9E5C-E59153DC71A0}.Release|Any CPU.Build.0 = Release|Any CPU
		{81DDED9D-158B-E303-5F62-77A2896D2A5A}.Debug|Any CPU.ActiveCfg = Debug|Any CPU
		{81DDED9D-158B-E303-5F62-77A2896D2A5A}.Debug|Any CPU.Build.0 = Debug|Any CPU
		{81DDED9D-158B-E303-5F62-77A2896D2A5A}.Release|Any CPU.ActiveCfg = Release|Any CPU
		{81DDED9D-158B-E303-5F62-77A2896D2A5A}.Release|Any CPU.Build.0 = Release|Any CPU
		{BB527191-D4C8-EAA5-AA8E-1D57B42738F1}.Debug|Any CPU.ActiveCfg = Debug|Any CPU
		{BB527191-D4C8-EAA5-AA8E-1D57B42738F1}.Debug|Any CPU.Build.0 = Debug|Any CPU
		{BB527191-D4C8-EAA5-AA8E-1D57B42738F1}.Release|Any CPU.ActiveCfg = Release|Any CPU
		{BB527191-D4C8-EAA5-AA8E-1D57B42738F1}.Release|Any CPU.Build.0 = Release|Any CPU
		{7406B334-3E8E-BB0C-FD3C-D186BBFE6BA6}.Debug|Any CPU.ActiveCfg = Debug|Any CPU
		{7406B334-3E8E-BB0C-FD3C-D186BBFE6BA6}.Debug|Any CPU.Build.0 = Debug|Any CPU
		{7406B334-3E8E-BB0C-FD3C-D186BBFE6BA6}.Release|Any CPU.ActiveCfg = Release|Any CPU
		{7406B334-3E8E-BB0C-FD3C-D186BBFE6BA6}.Release|Any CPU.Build.0 = Release|Any CPU
		{759655A0-2329-2D08-92B8-1DFF40859EB9}.Debug|Any CPU.ActiveCfg = Debug|Any CPU
		{759655A0-2329-2D08-92B8-1DFF40859EB9}.Debug|Any CPU.Build.0 = Debug|Any CPU
		{759655A0-2329-2D08-92B8-1DFF40859EB9}.Release|Any CPU.ActiveCfg = Release|Any CPU
		{759655A0-2329-2D08-92B8-1DFF40859EB9}.Release|Any CPU.Build.0 = Release|Any CPU
		{1026BC3D-38AC-82B9-7AB8-75999DDA0BA0}.Debug|Any CPU.ActiveCfg = Debug|Any CPU
		{1026BC3D-38AC-82B9-7AB8-75999DDA0BA0}.Debug|Any CPU.Build.0 = Debug|Any CPU
		{1026BC3D-38AC-82B9-7AB8-75999DDA0BA0}.Release|Any CPU.ActiveCfg = Release|Any CPU
		{1026BC3D-38AC-82B9-7AB8-75999DDA0BA0}.Release|Any CPU.Build.0 = Release|Any CPU
		{5CA48EB1-AF18-4FAB-8327-BADE60D8133C}.Debug|Any CPU.ActiveCfg = Debug|Any CPU
		{5CA48EB1-AF18-4FAB-8327-BADE60D8133C}.Debug|Any CPU.Build.0 = Debug|Any CPU
		{5CA48EB1-AF18-4FAB-8327-BADE60D8133C}.Release|Any CPU.ActiveCfg = Release|Any CPU
		{5CA48EB1-AF18-4FAB-8327-BADE60D8133C}.Release|Any CPU.Build.0 = Release|Any CPU
		{DE226CFE-A5C1-499D-B795-5FA3221886CD}.Debug|Any CPU.ActiveCfg = Debug|Any CPU
		{DE226CFE-A5C1-499D-B795-5FA3221886CD}.Debug|Any CPU.Build.0 = Debug|Any CPU
		{DE226CFE-A5C1-499D-B795-5FA3221886CD}.Release|Any CPU.ActiveCfg = Release|Any CPU
		{DE226CFE-A5C1-499D-B795-5FA3221886CD}.Release|Any CPU.Build.0 = Release|Any CPU
		{8E3BD3EC-11CA-4F6D-B7D7-A5B39D0BEE72}.Debug|Any CPU.ActiveCfg = Debug|Any CPU
		{8E3BD3EC-11CA-4F6D-B7D7-A5B39D0BEE72}.Debug|Any CPU.Build.0 = Debug|Any CPU
		{8E3BD3EC-11CA-4F6D-B7D7-A5B39D0BEE72}.Release|Any CPU.ActiveCfg = Release|Any CPU
		{8E3BD3EC-11CA-4F6D-B7D7-A5B39D0BEE72}.Release|Any CPU.Build.0 = Release|Any CPU
		{B262F1DC-A576-4F34-B12B-21F96C0ACC80}.Debug|Any CPU.ActiveCfg = Debug|Any CPU
		{B262F1DC-A576-4F34-B12B-21F96C0ACC80}.Debug|Any CPU.Build.0 = Debug|Any CPU
		{B262F1DC-A576-4F34-B12B-21F96C0ACC80}.Release|Any CPU.ActiveCfg = Release|Any CPU
		{B262F1DC-A576-4F34-B12B-21F96C0ACC80}.Release|Any CPU.Build.0 = Release|Any CPU
		{5EC86A69-E15E-42BA-AB53-018C1C0EDB3C}.Debug|Any CPU.ActiveCfg = Debug|Any CPU
		{5EC86A69-E15E-42BA-AB53-018C1C0EDB3C}.Debug|Any CPU.Build.0 = Debug|Any CPU
		{5EC86A69-E15E-42BA-AB53-018C1C0EDB3C}.Release|Any CPU.ActiveCfg = Release|Any CPU
		{5EC86A69-E15E-42BA-AB53-018C1C0EDB3C}.Release|Any CPU.Build.0 = Release|Any CPU
		{71FE282E-1B31-4135-BD1A-7F538EE9A77B}.Debug|Any CPU.ActiveCfg = Debug|Any CPU
		{71FE282E-1B31-4135-BD1A-7F538EE9A77B}.Debug|Any CPU.Build.0 = Debug|Any CPU
		{71FE282E-1B31-4135-BD1A-7F538EE9A77B}.Release|Any CPU.ActiveCfg = Release|Any CPU
		{71FE282E-1B31-4135-BD1A-7F538EE9A77B}.Release|Any CPU.Build.0 = Release|Any CPU
		{55730459-AF68-4BCC-9B0E-3C790D81CE55}.Debug|Any CPU.ActiveCfg = Debug|Any CPU
		{55730459-AF68-4BCC-9B0E-3C790D81CE55}.Debug|Any CPU.Build.0 = Debug|Any CPU
		{55730459-AF68-4BCC-9B0E-3C790D81CE55}.Release|Any CPU.ActiveCfg = Release|Any CPU
		{55730459-AF68-4BCC-9B0E-3C790D81CE55}.Release|Any CPU.Build.0 = Release|Any CPU
		{BA727059-6CEC-463F-8255-E7CCB09B67BA}.Debug|Any CPU.ActiveCfg = Debug|Any CPU
		{BA727059-6CEC-463F-8255-E7CCB09B67BA}.Debug|Any CPU.Build.0 = Debug|Any CPU
		{BA727059-6CEC-463F-8255-E7CCB09B67BA}.Release|Any CPU.ActiveCfg = Release|Any CPU
		{BA727059-6CEC-463F-8255-E7CCB09B67BA}.Release|Any CPU.Build.0 = Release|Any CPU
	EndGlobalSection
	GlobalSection(SolutionProperties) = preSolution
		HideSolutionNode = FALSE
	EndGlobalSection
	GlobalSection(NestedProjects) = preSolution
		{99E75EC1-2081-4195-9684-479470C2C1CC} = {C60E2325-72A8-4BC6-A02B-2A9B60CF6BB7}
		{8F398138-4B7E-47DB-924A-94F26AFAC650} = {C60E2325-72A8-4BC6-A02B-2A9B60CF6BB7}
		{3CC85F5A-C624-47AD-AEF9-06D2EFFF26F5} = {99E75EC1-2081-4195-9684-479470C2C1CC}
		{52E13E59-B51D-4ABC-81A1-196DB49E4C5C} = {8F398138-4B7E-47DB-924A-94F26AFAC650}
		{C584A890-E715-45FB-981E-EF1BB9953592} = {52E13E59-B51D-4ABC-81A1-196DB49E4C5C}
		{54DD7C73-5F1A-4504-BC2A-BCAF811B15DE} = {52E13E59-B51D-4ABC-81A1-196DB49E4C5C}
		{229CC16F-5FD8-46F6-A14A-7983E48430FF} = {52E13E59-B51D-4ABC-81A1-196DB49E4C5C}
		{C5D94718-86E2-455B-9E5C-E59153DC71A0} = {52E13E59-B51D-4ABC-81A1-196DB49E4C5C}
		{02EA681E-C7D8-13C7-8484-4AC65E1B71E8} = {8F398138-4B7E-47DB-924A-94F26AFAC650}
		{BB527191-D4C8-EAA5-AA8E-1D57B42738F1} = {02EA681E-C7D8-13C7-8484-4AC65E1B71E8}
		{7406B334-3E8E-BB0C-FD3C-D186BBFE6BA6} = {02EA681E-C7D8-13C7-8484-4AC65E1B71E8}
		{759655A0-2329-2D08-92B8-1DFF40859EB9} = {02EA681E-C7D8-13C7-8484-4AC65E1B71E8}
		{1026BC3D-38AC-82B9-7AB8-75999DDA0BA0} = {02EA681E-C7D8-13C7-8484-4AC65E1B71E8}
		{5CA48EB1-AF18-4FAB-8327-BADE60D8133C} = {02EA681E-C7D8-13C7-8484-4AC65E1B71E8}
		{3487B37A-057E-49AD-8A5B-F4C70DF49361} = {8F398138-4B7E-47DB-924A-94F26AFAC650}
		{DE226CFE-A5C1-499D-B795-5FA3221886CD} = {3487B37A-057E-49AD-8A5B-F4C70DF49361}
		{8E3BD3EC-11CA-4F6D-B7D7-A5B39D0BEE72} = {3487B37A-057E-49AD-8A5B-F4C70DF49361}
		{B262F1DC-A576-4F34-B12B-21F96C0ACC80} = {02EA681E-C7D8-13C7-8484-4AC65E1B71E8}
		{686F797D-D825-456F-B15A-D9E6AA8DE04E} = {8F398138-4B7E-47DB-924A-94F26AFAC650}
		{5EC86A69-E15E-42BA-AB53-018C1C0EDB3C} = {686F797D-D825-456F-B15A-D9E6AA8DE04E}
		{71FE282E-1B31-4135-BD1A-7F538EE9A77B} = {686F797D-D825-456F-B15A-D9E6AA8DE04E}
		{55730459-AF68-4BCC-9B0E-3C790D81CE55} = {686F797D-D825-456F-B15A-D9E6AA8DE04E}
		{BA727059-6CEC-463F-8255-E7CCB09B67BA} = {686F797D-D825-456F-B15A-D9E6AA8DE04E}
		{D8B712EE-2002-46EA-A2E7-42F1319E7F8E} = {C60E2325-72A8-4BC6-A02B-2A9B60CF6BB7}
	EndGlobalSection
	GlobalSection(ExtensibilityGlobals) = postSolution
		SolutionGuid = {5DD73D5D-6FF7-4CF9-853A-F145507E7D77}
	EndGlobalSection
EndGlobal
